
Microsoft Visual Studio Solution File, Format Version 12.00
# Visual Studio Version 17
VisualStudioVersion = 17.0.31912.275
MinimumVisualStudioVersion = 10.0.40219.1
Project("{9A19103F-16F7-4668-BE54-9A1E7A4F7556}") = "CRUDMVC", "CRUDMVC.csproj", "{758EF782-A5C0-4DC6-9E82-42D449375A69}"
EndProject
Global
	GlobalSection(SolutionConfigurationPlatforms) = preSolution
		Debug|Any CPU = Debug|Any CPU
		Release|Any CPU = Release|Any CPU
	EndGlobalSection
	GlobalSection(ProjectConfigurationPlatforms) = postSolution
		{758EF782-A5C0-4DC6-9E82-42D449375A69}.Debug|Any CPU.ActiveCfg = Debug|Any CPU
		{758EF782-A5C0-4DC6-9E82-42D449375A69}.Debug|Any CPU.Build.0 = Debug|Any CPU
		{758EF782-A5C0-4DC6-9E82-42D449375A69}.Release|Any CPU.ActiveCfg = Release|Any CPU
		{758EF782-A5C0-4DC6-9E82-42D449375A69}.Release|Any CPU.Build.0 = Release|Any CPU
	EndGlobalSection
	GlobalSection(SolutionProperties) = preSolution
		HideSolutionNode = FALSE
	EndGlobalSection
	GlobalSection(ExtensibilityGlobals) = postSolution
		SolutionGuid = {30DC3453-11B1-4450-B736-0DC98E5A1970}
	EndGlobalSection
EndGlobal
